
Microsoft Visual Studio Solution File, Format Version 12.00
# Visual Studio Version 17
VisualStudioVersion = 17.4.33213.308
MinimumVisualStudioVersion = 10.0.40219.1
Project("{FAE04EC0-301F-11D3-BF4B-00C04F79EFBC}") = "Binary Calc", "Binary Calc\Binary Calc.csproj", "{90F0825A-AF51-4502-8B0B-918DBC977995}"
EndProject
Global
	GlobalSection(SolutionConfigurationPlatforms) = preSolution
		Debug|Any CPU = Debug|Any CPU
		Release|Any CPU = Release|Any CPU
	EndGlobalSection
	GlobalSection(ProjectConfigurationPlatforms) = postSolution
		{90F0825A-AF51-4502-8B0B-918DBC977995}.Debug|Any CPU.ActiveCfg = Debug|Any CPU
		{90F0825A-AF51-4502-8B0B-918DBC977995}.Debug|Any CPU.Build.0 = Debug|Any CPU
		{90F0825A-AF51-4502-8B0B-918DBC977995}.Release|Any CPU.ActiveCfg = Release|Any CPU
		{90F0825A-AF51-4502-8B0B-918DBC977995}.Release|Any CPU.Build.0 = Release|Any CPU
	EndGlobalSection
	GlobalSection(SolutionProperties) = preSolution
		HideSolutionNode = FALSE
	EndGlobalSection
	GlobalSection(ExtensibilityGlobals) = postSolution
		SolutionGuid = {D97370A5-A67A-4434-BF32-00124FA2B925}
	EndGlobalSection
EndGlobal
